
Microsoft Visual Studio Solution File, Format Version 12.00
# Visual Studio 15
VisualStudioVersion = 15.0.26430.16
MinimumVisualStudioVersion = 10.0.40219.1
Project("{9A19103F-16F7-4668-BE54-9A1E7A4F7556}") = "PowerBITemplateExtractor", "PowerBITemplateExtractor\PowerBITemplateExtractor.csproj", "{6B51F44E-BC77-4E05-84D0-CC8541091F34}"
EndProject
Project("{9A19103F-16F7-4668-BE54-9A1E7A4F7556}") = "PowerBITemplateExtractor.Tests", "PowerBITemplateExtractor.Tests\PowerBITemplateExtractor.Tests.csproj", "{9E66EE52-5703-490E-8A51-BAAE55EF14F9}"
EndProject
Global
	GlobalSection(SolutionConfigurationPlatforms) = preSolution
		Debug|Any CPU = Debug|Any CPU
		Release|Any CPU = Release|Any CPU
	EndGlobalSection
	GlobalSection(ProjectConfigurationPlatforms) = postSolution
		{6B51F44E-BC77-4E05-84D0-CC8541091F34}.Debug|Any CPU.ActiveCfg = Debug|Any CPU
		{6B51F44E-BC77-4E05-84D0-CC8541091F34}.Debug|Any CPU.Build.0 = Debug|Any CPU
		{6B51F44E-BC77-4E05-84D0-CC8541091F34}.Release|Any CPU.ActiveCfg = Release|Any CPU
		{6B51F44E-BC77-4E05-84D0-CC8541091F34}.Release|Any CPU.Build.0 = Release|Any CPU
		{9E66EE52-5703-490E-8A51-BAAE55EF14F9}.Debug|Any CPU.ActiveCfg = Debug|Any CPU
		{9E66EE52-5703-490E-8A51-BAAE55EF14F9}.Debug|Any CPU.Build.0 = Debug|Any CPU
		{9E66EE52-5703-490E-8A51-BAAE55EF14F9}.Release|Any CPU.ActiveCfg = Release|Any CPU
		{9E66EE52-5703-490E-8A51-BAAE55EF14F9}.Release|Any CPU.Build.0 = Release|Any CPU
	EndGlobalSection
	GlobalSection(SolutionProperties) = preSolution
		HideSolutionNode = FALSE
	EndGlobalSection
EndGlobal
